
Microsoft Visual Studio Solution File, Format Version 12.00
# Visual Studio Version 16
VisualStudioVersion = 16.0.29806.167
MinimumVisualStudioVersion = 10.0.40219.1
Project("{FAE04EC0-301F-11D3-BF4B-00C04F79EFBC}") = "AddTask", "AddTask\AddTask.csproj", "{0C69483B-D98F-43C3-9CA1-64484AD9414C}"
EndProject
Project("{FAE04EC0-301F-11D3-BF4B-00C04F79EFBC}") = "Task2", "Task2\Task2.csproj", "{10BC95D3-E824-461C-BD9C-4600FF102F38}"
EndProject
Global
	GlobalSection(SolutionConfigurationPlatforms) = preSolution
		Debug|Any CPU = Debug|Any CPU
		Release|Any CPU = Release|Any CPU
	EndGlobalSection
	GlobalSection(ProjectConfigurationPlatforms) = postSolution
		{0C69483B-D98F-43C3-9CA1-64484AD9414C}.Debug|Any CPU.ActiveCfg = Debug|Any CPU
		{0C69483B-D98F-43C3-9CA1-64484AD9414C}.Debug|Any CPU.Build.0 = Debug|Any CPU
		{0C69483B-D98F-43C3-9CA1-64484AD9414C}.Release|Any CPU.ActiveCfg = Release|Any CPU
		{0C69483B-D98F-43C3-9CA1-64484AD9414C}.Release|Any CPU.Build.0 = Release|Any CPU
		{10BC95D3-E824-461C-BD9C-4600FF102F38}.Debug|Any CPU.ActiveCfg = Debug|Any CPU
		{10BC95D3-E824-461C-BD9C-4600FF102F38}.Debug|Any CPU.Build.0 = Debug|Any CPU
		{10BC95D3-E824-461C-BD9C-4600FF102F38}.Release|Any CPU.ActiveCfg = Release|Any CPU
		{10BC95D3-E824-461C-BD9C-4600FF102F38}.Release|Any CPU.Build.0 = Release|Any CPU
	EndGlobalSection
	GlobalSection(SolutionProperties) = preSolution
		HideSolutionNode = FALSE
	EndGlobalSection
	GlobalSection(ExtensibilityGlobals) = postSolution
		SolutionGuid = {3A2A81D6-2465-43FD-8C9D-DED7EB1B3D43}
	EndGlobalSection
EndGlobal
